
Microsoft Visual Studio Solution File, Format Version 12.00
# Visual Studio Version 17
VisualStudioVersion = 17.12.35506.116 d17.12
MinimumVisualStudioVersion = 10.0.40219.1
Project("{FAE04EC0-301F-11D3-BF4B-00C04F79EFBC}") = "EntityLayer", "EntityLayer\EntityLayer.csproj", "{583E3A16-58F5-4B0B-A8DF-D79D5340B6F3}"
EndProject
Project("{FAE04EC0-301F-11D3-BF4B-00C04F79EFBC}") = "DataAccessLayer", "DataAccessLayer\DataAccessLayer.csproj", "{5316C59E-56A3-4E44-B063-10D4079B687E}"
EndProject
Project("{FAE04EC0-301F-11D3-BF4B-00C04F79EFBC}") = "BusinessLayer", "BusinessLayer\BusinessLayer.csproj", "{87EE6E84-5509-45D1-B1F1-24E994696F50}"
EndProject
Project("{FAE04EC0-301F-11D3-BF4B-00C04F79EFBC}") = "PresentationLayer", "PresentationLayer\PresentationLayer.csproj", "{C236A20B-8637-45B6-9ABA-37D9ABE4C0AD}"
EndProject
Global
	GlobalSection(SolutionConfigurationPlatforms) = preSolution
		Debug|Any CPU = Debug|Any CPU
		Release|Any CPU = Release|Any CPU
	EndGlobalSection
	GlobalSection(ProjectConfigurationPlatforms) = postSolution
		{583E3A16-58F5-4B0B-A8DF-D79D5340B6F3}.Debug|Any CPU.ActiveCfg = Debug|Any CPU
		{583E3A16-58F5-4B0B-A8DF-D79D5340B6F3}.Debug|Any CPU.Build.0 = Debug|Any CPU
		{583E3A16-58F5-4B0B-A8DF-D79D5340B6F3}.Release|Any CPU.ActiveCfg = Release|Any CPU
		{583E3A16-58F5-4B0B-A8DF-D79D5340B6F3}.Release|Any CPU.Build.0 = Release|Any CPU
		{5316C59E-56A3-4E44-B063-10D4079B687E}.Debug|Any CPU.ActiveCfg = Debug|Any CPU
		{5316C59E-56A3-4E44-B063-10D4079B687E}.Debug|Any CPU.Build.0 = Debug|Any CPU
		{5316C59E-56A3-4E44-B063-10D4079B687E}.Release|Any CPU.ActiveCfg = Release|Any CPU
		{5316C59E-56A3-4E44-B063-10D4079B687E}.Release|Any CPU.Build.0 = Release|Any CPU
		{87EE6E84-5509-45D1-B1F1-24E994696F50}.Debug|Any CPU.ActiveCfg = Debug|Any CPU
		{87EE6E84-5509-45D1-B1F1-24E994696F50}.Debug|Any CPU.Build.0 = Debug|Any CPU
		{87EE6E84-5509-45D1-B1F1-24E994696F50}.Release|Any CPU.ActiveCfg = Release|Any CPU
		{87EE6E84-5509-45D1-B1F1-24E994696F50}.Release|Any CPU.Build.0 = Release|Any CPU
		{C236A20B-8637-45B6-9ABA-37D9ABE4C0AD}.Debug|Any CPU.ActiveCfg = Debug|Any CPU
		{C236A20B-8637-45B6-9ABA-37D9ABE4C0AD}.Debug|Any CPU.Build.0 = Debug|Any CPU
		{C236A20B-8637-45B6-9ABA-37D9ABE4C0AD}.Release|Any CPU.ActiveCfg = Release|Any CPU
		{C236A20B-8637-45B6-9ABA-37D9ABE4C0AD}.Release|Any CPU.Build.0 = Release|Any CPU
	EndGlobalSection
	GlobalSection(SolutionProperties) = preSolution
		HideSolutionNode = FALSE
	EndGlobalSection
EndGlobal
